
Microsoft Visual Studio Solution File, Format Version 12.00
# Visual Studio Version 16
VisualStudioVersion = 16.0.32407.337
MinimumVisualStudioVersion = 10.0.40219.1
Project("{FAE04EC0-301F-11D3-BF4B-00C04F79EFBC}") = "魔術方陣", "魔術方陣\魔術方陣.csproj", "{BA3355F2-5B2A-4598-834A-58387F52A083}"
EndProject
Global
	GlobalSection(SolutionConfigurationPlatforms) = preSolution
		Debug|Any CPU = Debug|Any CPU
		Release|Any CPU = Release|Any CPU
	EndGlobalSection
	GlobalSection(ProjectConfigurationPlatforms) = postSolution
		{BA3355F2-5B2A-4598-834A-58387F52A083}.Debug|Any CPU.ActiveCfg = Debug|Any CPU
		{BA3355F2-5B2A-4598-834A-58387F52A083}.Debug|Any CPU.Build.0 = Debug|Any CPU
		{BA3355F2-5B2A-4598-834A-58387F52A083}.Release|Any CPU.ActiveCfg = Release|Any CPU
		{BA3355F2-5B2A-4598-834A-58387F52A083}.Release|Any CPU.Build.0 = Release|Any CPU
	EndGlobalSection
	GlobalSection(SolutionProperties) = preSolution
		HideSolutionNode = FALSE
	EndGlobalSection
	GlobalSection(ExtensibilityGlobals) = postSolution
		SolutionGuid = {3F97BA93-C787-48E5-9088-058AECE24AA7}
	EndGlobalSection
EndGlobal
